
Microsoft Visual Studio Solution File, Format Version 12.00
# Visual Studio Version 17
VisualStudioVersion = 17.4.33213.308
MinimumVisualStudioVersion = 10.0.40219.1
Project("{FAE04EC0-301F-11D3-BF4B-00C04F79EFBC}") = "WindowsFormsApp2", "WindowsFormsApp2\WindowsFormsApp2.csproj", "{A58F5E17-1B48-485D-828A-D8811442FD53}"
EndProject
Global
	GlobalSection(SolutionConfigurationPlatforms) = preSolution
		Debug|Any CPU = Debug|Any CPU
		Release|Any CPU = Release|Any CPU
	EndGlobalSection
	GlobalSection(ProjectConfigurationPlatforms) = postSolution
		{A58F5E17-1B48-485D-828A-D8811442FD53}.Debug|Any CPU.ActiveCfg = Debug|Any CPU
		{A58F5E17-1B48-485D-828A-D8811442FD53}.Debug|Any CPU.Build.0 = Debug|Any CPU
		{A58F5E17-1B48-485D-828A-D8811442FD53}.Release|Any CPU.ActiveCfg = Release|Any CPU
		{A58F5E17-1B48-485D-828A-D8811442FD53}.Release|Any CPU.Build.0 = Release|Any CPU
	EndGlobalSection
	GlobalSection(SolutionProperties) = preSolution
		HideSolutionNode = FALSE
	EndGlobalSection
	GlobalSection(ExtensibilityGlobals) = postSolution
		SolutionGuid = {1F827159-8920-4863-B793-8EC9288D0432}
	EndGlobalSection
EndGlobal
